
Microsoft Visual Studio Solution File, Format Version 12.00
# Visual Studio 2012
Project("{FAE04EC0-301F-11D3-BF4B-00C04F79EFBC}") = "Automaton", "Automaton\Automaton.csproj", "{387CA390-1C9E-4C68-B9D8-E2147E38EBBF}"
EndProject
Project("{FAE04EC0-301F-11D3-BF4B-00C04F79EFBC}") = "Automaton.Webserver", "Automaton.Webserver\Automaton.Webserver.csproj", "{DD2AB369-ECC5-49E5-BDE4-2F8B80FEA030}"
EndProject
Project("{FAE04EC0-301F-11D3-BF4B-00C04F79EFBC}") = "Automaton.Client", "Automaton.Client\Automaton.Client.csproj", "{B50A78C3-7CC8-44DE-A228-4C4A29C22AE9}"
EndProject
Project("{FAE04EC0-301F-11D3-BF4B-00C04F79EFBC}") = "Automaton.Hub", "Automaton.Hub\Automaton.Hub.csproj", "{47FC2ABD-BC8E-49DD-B5D9-1E4132761012}"
EndProject
Project("{2150E333-8FDC-42A3-9474-1A3956D46DE8}") = "doc", "doc", "{23700EA2-2910-4E3E-B284-804A257325CE}"
	ProjectSection(SolutionItems) = preProject
		TODO.txt = TODO.txt
	EndProjectSection
EndProject
Project("{FAE04EC0-301F-11D3-BF4B-00C04F79EFBC}") = "Automaton.Plugins", "Automaton.Plugins\Automaton.Plugins.csproj", "{AB44025D-435F-4105-8E73-D7D9211D5334}"
EndProject
Global
	GlobalSection(SolutionConfigurationPlatforms) = preSolution
		Debug|Any CPU = Debug|Any CPU
		Release|Any CPU = Release|Any CPU
	EndGlobalSection
	GlobalSection(ProjectConfigurationPlatforms) = postSolution
		{387CA390-1C9E-4C68-B9D8-E2147E38EBBF}.Debug|Any CPU.ActiveCfg = Debug|Any CPU
		{387CA390-1C9E-4C68-B9D8-E2147E38EBBF}.Debug|Any CPU.Build.0 = Debug|Any CPU
		{387CA390-1C9E-4C68-B9D8-E2147E38EBBF}.Release|Any CPU.ActiveCfg = Release|Any CPU
		{387CA390-1C9E-4C68-B9D8-E2147E38EBBF}.Release|Any CPU.Build.0 = Release|Any CPU
		{DD2AB369-ECC5-49E5-BDE4-2F8B80FEA030}.Debug|Any CPU.ActiveCfg = Debug|Any CPU
		{DD2AB369-ECC5-49E5-BDE4-2F8B80FEA030}.Debug|Any CPU.Build.0 = Debug|Any CPU
		{DD2AB369-ECC5-49E5-BDE4-2F8B80FEA030}.Release|Any CPU.ActiveCfg = Release|Any CPU
		{DD2AB369-ECC5-49E5-BDE4-2F8B80FEA030}.Release|Any CPU.Build.0 = Release|Any CPU
		{B50A78C3-7CC8-44DE-A228-4C4A29C22AE9}.Debug|Any CPU.ActiveCfg = Debug|Any CPU
		{B50A78C3-7CC8-44DE-A228-4C4A29C22AE9}.Debug|Any CPU.Build.0 = Debug|Any CPU
		{B50A78C3-7CC8-44DE-A228-4C4A29C22AE9}.Release|Any CPU.ActiveCfg = Release|Any CPU
		{B50A78C3-7CC8-44DE-A228-4C4A29C22AE9}.Release|Any CPU.Build.0 = Release|Any CPU
		{47FC2ABD-BC8E-49DD-B5D9-1E4132761012}.Debug|Any CPU.ActiveCfg = Debug|Any CPU
		{47FC2ABD-BC8E-49DD-B5D9-1E4132761012}.Debug|Any CPU.Build.0 = Debug|Any CPU
		{47FC2ABD-BC8E-49DD-B5D9-1E4132761012}.Release|Any CPU.ActiveCfg = Release|Any CPU
		{47FC2ABD-BC8E-49DD-B5D9-1E4132761012}.Release|Any CPU.Build.0 = Release|Any CPU
		{AB44025D-435F-4105-8E73-D7D9211D5334}.Debug|Any CPU.ActiveCfg = Debug|Any CPU
		{AB44025D-435F-4105-8E73-D7D9211D5334}.Debug|Any CPU.Build.0 = Debug|Any CPU
		{AB44025D-435F-4105-8E73-D7D9211D5334}.Release|Any CPU.ActiveCfg = Release|Any CPU
		{AB44025D-435F-4105-8E73-D7D9211D5334}.Release|Any CPU.Build.0 = Release|Any CPU
	EndGlobalSection
	GlobalSection(SolutionProperties) = preSolution
		HideSolutionNode = FALSE
	EndGlobalSection
EndGlobal
